Microsoft Visual Studio Solution File, Format Version 11.00
# Visual Studio 2008

Project("{E63C90C2-4208-788B-A062-EC2F83BEC134}") = "unityExtensionTest", "Assembly-CSharp-firstpass.csproj", "{773D79EE-02EA-69AA-43CC-74DD97835958}"
EndProject
Project("{E63C90C2-4208-788B-A062-EC2F83BEC134}") = "unityExtensionTest", "Assembly-CSharp.csproj", "{F254660E-27C4-1995-028B-5BD374FC57C1}"
EndProject
Project("{E63C90C2-4208-788B-A062-EC2F83BEC134}") = "unityExtensionTest", "Assembly-CSharp-Editor.csproj", "{03D25F26-B4D9-F37F-40BA-AD9DD478DDF9}"
EndProject
Project("{E63C90C2-4208-788B-A062-EC2F83BEC134}") = "unityExtensionTest", "Assembly-UnityScript.unityproj", "{497489D5-0AE9-9862-F1FF-08780B0DA1DC}"
EndProject
Global
	GlobalSection(SolutionConfigurationPlatforms) = preSolution
		Debug|Any CPU = Debug|Any CPU
		Release|Any CPU = Release|Any CPU
	EndGlobalSection
	GlobalSection(ProjectConfigurationPlatforms) = postSolution
		{773D79EE-02EA-69AA-43CC-74DD97835958}.Debug|Any CPU.ActiveCfg = Debug|Any CPU
		{773D79EE-02EA-69AA-43CC-74DD97835958}.Debug|Any CPU.Build.0 = Debug|Any CPU
		{773D79EE-02EA-69AA-43CC-74DD97835958}.Release|Any CPU.ActiveCfg = Release|Any CPU
		{773D79EE-02EA-69AA-43CC-74DD97835958}.Release|Any CPU.Build.0 = Release|Any CPU
		{F254660E-27C4-1995-028B-5BD374FC57C1}.Debug|Any CPU.ActiveCfg = Debug|Any CPU
		{F254660E-27C4-1995-028B-5BD374FC57C1}.Debug|Any CPU.Build.0 = Debug|Any CPU
		{F254660E-27C4-1995-028B-5BD374FC57C1}.Release|Any CPU.ActiveCfg = Release|Any CPU
		{F254660E-27C4-1995-028B-5BD374FC57C1}.Release|Any CPU.Build.0 = Release|Any CPU
		{03D25F26-B4D9-F37F-40BA-AD9DD478DDF9}.Debug|Any CPU.ActiveCfg = Debug|Any CPU
		{03D25F26-B4D9-F37F-40BA-AD9DD478DDF9}.Debug|Any CPU.Build.0 = Debug|Any CPU
		{03D25F26-B4D9-F37F-40BA-AD9DD478DDF9}.Release|Any CPU.ActiveCfg = Release|Any CPU
		{03D25F26-B4D9-F37F-40BA-AD9DD478DDF9}.Release|Any CPU.Build.0 = Release|Any CPU
		{497489D5-0AE9-9862-F1FF-08780B0DA1DC}.Debug|Any CPU.ActiveCfg = Debug|Any CPU
		{497489D5-0AE9-9862-F1FF-08780B0DA1DC}.Debug|Any CPU.Build.0 = Debug|Any CPU
		{497489D5-0AE9-9862-F1FF-08780B0DA1DC}.Release|Any CPU.ActiveCfg = Release|Any CPU
		{497489D5-0AE9-9862-F1FF-08780B0DA1DC}.Release|Any CPU.Build.0 = Release|Any CPU
	EndGlobalSection
	GlobalSection(SolutionProperties) = preSolution
		HideSolutionNode = FALSE
	EndGlobalSection
	GlobalSection(MonoDevelopProperties) = preSolution
		StartupItem = Assembly-CSharp.csproj
	EndGlobalSection
EndGlobal
